// !$*UTF8*$!
{
	archiveVersion = 1;
	classes = {
	};
	objectVersion = 46;
	objects = {

/* Begin PBXBuildFile section */
		39F1EFDD1E499D720062D785 /* RepositoryCell.swift in Sources */ = {isa = PBXBuildFile; fileRef = 39F1EFDC1E499D720062D785 /* RepositoryCell.swift */; };
		6C519BAB1E48E7F5008A1DA8 /* AppDelegate.swift in Sources */ = {isa = PBXBuildFile; fileRef = 6C519BAA1E48E7F5008A1DA8 /* AppDelegate.swift */; };
		6C519BB21E48E7F5008A1DA8 /* Assets.xcassets in Resources */ = {isa = PBXBuildFile; fileRef = 6C519BB11E48E7F5008A1DA8 /* Assets.xcassets */; };
		6C519BBF1E48F238008A1DA8 /* RepositorySearchController.swift in Sources */ = {isa = PBXBuildFile; fileRef = 6C519BBE1E48F238008A1DA8 /* RepositorySearchController.swift */; };
		6C519BC31E4905A8008A1DA8 /* Repository.swift in Sources */ = {isa = PBXBuildFile; fileRef = 6C519BC21E4905A8008A1DA8 /* Repository.swift */; };
		7008B227C87A24DBD62535C1 /* Pods_TetrisJson.framework in Frameworks */ = {isa = PBXBuildFile; fileRef = 772C80CBC5B8264227AD5D6E /* Pods_TetrisJson.framework */; };
		CCFE6D4C200E049300F751C0 /* RepositorySearch.storyboard in Resources */ = {isa = PBXBuildFile; fileRef = CCFE6D4B200E049300F751C0 /* RepositorySearch.storyboard */; };
		CCFE6D4E200E04A000F751C0 /* LaunchScreen.storyboard in Resources */ = {isa = PBXBuildFile; fileRef = CCFE6D4D200E04A000F751C0 /* LaunchScreen.storyboard */; };
/* End PBXBuildFile section */

/* Begin PBXFileReference section */
		39F1EFDC1E499D720062D785 /* RepositoryCell.swift */ = {isa = PBXFileReference; fileEncoding = 4; lastKnownFileType = sourcecode.swift; path = RepositoryCell.swift; sourceTree = "<group>"; };
		6C519BA71E48E7F5008A1DA8 /* TetrisJson.app */ = {isa = PBXFileReference; explicitFileType = wrapper.application; includeInIndex = 0; path = TetrisJson.app; sourceTree = BUILT_PRODUCTS_DIR; };
		6C519BAA1E48E7F5008A1DA8 /* AppDelegate.swift */ = {isa = PBXFileReference; lastKnownFileType = sourcecode.swift; path = AppDelegate.swift; sourceTree = "<group>"; };
		6C519BB11E48E7F5008A1DA8 /* Assets.xcassets */ = {isa = PBXFileReference; lastKnownFileType = folder.assetcatalog; name = Assets.xcassets; path = TetrisJson/Assets/Assets.xcassets; sourceTree = SOURCE_ROOT; };
		6C519BB61E48E7F5008A1DA8 /* Info.plist */ = {isa = PBXFileReference; lastKnownFileType = text.plist.xml; path = Info.plist; sourceTree = "<group>"; };
		6C519BBE1E48F238008A1DA8 /* RepositorySearchController.swift */ = {isa = PBXFileReference; fileEncoding = 4; lastKnownFileType = sourcecode.swift; path = RepositorySearchController.swift; sourceTree = "<group>"; };
		6C519BC21E4905A8008A1DA8 /* Repository.swift */ = {isa = PBXFileReference; fileEncoding = 4; lastKnownFileType = sourcecode.swift; path = Repository.swift; sourceTree = "<group>"; };
		772C80CBC5B8264227AD5D6E /* Pods_TetrisJson.framework */ = {isa = PBXFileReference; explicitFileType = wrapper.framework; includeInIndex = 0; path = Pods_TetrisJson.framework; sourceTree = BUILT_PRODUCTS_DIR; };
		895CB9A2FE66A7EFE61BDCAA /* Pods-TetrisJson.release.xcconfig */ = {isa = PBXFileReference; includeInIndex = 1; lastKnownFileType = text.xcconfig; name = "Pods-TetrisJson.release.xcconfig"; path = "Pods/Target Support Files/Pods-TetrisJson/Pods-TetrisJson.release.xcconfig"; sourceTree = "<group>"; };
		8A7026BB0CDF1C615DE8F0B9 /* Pods-TetrisJson.debug.xcconfig */ = {isa = PBXFileReference; includeInIndex = 1; lastKnownFileType = text.xcconfig; name = "Pods-TetrisJson.debug.xcconfig"; path = "Pods/Target Support Files/Pods-TetrisJson/Pods-TetrisJson.debug.xcconfig"; sourceTree = "<group>"; };
		CCFE6D4B200E049300F751C0 /* RepositorySearch.storyboard */ = {isa = PBXFileReference; fileEncoding = 4; lastKnownFileType = file.storyboard; path = RepositorySearch.storyboard; sourceTree = "<group>"; };
		CCFE6D4D200E04A000F751C0 /* LaunchScreen.storyboard */ = {isa = PBXFileReference; fileEncoding = 4; lastKnownFileType = file.storyboard; path = LaunchScreen.storyboard; sourceTree = "<group>"; };
/* End PBXFileReference section */

/* Begin PBXFrameworksBuildPhase section */
		6C519BA41E48E7F5008A1DA8 /* Frameworks */ = {
			isa = PBXFrameworksBuildPhase;
			buildActionMask = 2147483647;
			files = (
				7008B227C87A24DBD62535C1 /* Pods_TetrisJson.framework in Frameworks */,
			);
			runOnlyForDeploymentPostprocessing = 0;
		};
/* End PBXFrameworksBuildPhase section */

/* Begin PBXGroup section */
		39F1EFDE1E49ADF60062D785 /* Repositories */ = {
			isa = PBXGroup;
			children = (
				CCFE6D4B200E049300F751C0 /* RepositorySearch.storyboard */,
				6C519BBE1E48F238008A1DA8 /* RepositorySearchController.swift */,
				6C519BC21E4905A8008A1DA8 /* Repository.swift */,
				39F1EFDC1E499D720062D785 /* RepositoryCell.swift */,
			);
			path = Repositories;
			sourceTree = "<group>";
		};
		39F1EFE01E49AFEB0062D785 /* Assets */ = {
			isa = PBXGroup;
			children = (
				6C519BB11E48E7F5008A1DA8 /* Assets.xcassets */,
				6C519BB61E48E7F5008A1DA8 /* Info.plist */,
			);
			path = Assets;
			sourceTree = "<group>";
		};
		39F1EFE21E49B0AE0062D785 /* Views */ = {
			isa = PBXGroup;
			children = (
				CCFE6D4D200E04A000F751C0 /* LaunchScreen.storyboard */,
				39F1EFDE1E49ADF60062D785 /* Repositories */,
			);
			path = Views;
			sourceTree = "<group>";
		};
		3D64BCFBB2CBECAACD4CA86B /* Pods */ = {
			isa = PBXGroup;
			children = (
				8A7026BB0CDF1C615DE8F0B9 /* Pods-TetrisJson.debug.xcconfig */,
				895CB9A2FE66A7EFE61BDCAA /* Pods-TetrisJson.release.xcconfig */,
			);
			name = Pods;
			sourceTree = "<group>";
		};
		6C519B9E1E48E7F5008A1DA8 = {
			isa = PBXGroup;
			children = (
				6C519BA91E48E7F5008A1DA8 /* TetrisJson */,
				6C519BA81E48E7F5008A1DA8 /* Products */,
				3D64BCFBB2CBECAACD4CA86B /* Pods */,
				9F263B78F64A971CA527A3C0 /* Frameworks */,
			);
			sourceTree = "<group>";
		};
		6C519BA81E48E7F5008A1DA8 /* Products */ = {
			isa = PBXGroup;
			children = (
				6C519BA71E48E7F5008A1DA8 /* TetrisJson.app */,
			);
			name = Products;
			sourceTree = "<group>";
		};
		6C519BA91E48E7F5008A1DA8 /* TetrisJson */ = {
			isa = PBXGroup;
			children = (
				39F1EFE01E49AFEB0062D785 /* Assets */,
				39F1EFE21E49B0AE0062D785 /* Views */,
				6C519BAA1E48E7F5008A1DA8 /* AppDelegate.swift */,
			);
			path = TetrisJson;
			sourceTree = "<group>";
		};
		9F263B78F64A971CA527A3C0 /* Frameworks */ = {
			isa = PBXGroup;
			children = (
				772C80CBC5B8264227AD5D6E /* Pods_TetrisJson.framework */,
			);
			name = Frameworks;
			sourceTree = "<group>";
		};
/* End PBXGroup section */

/* Begin PBXNativeTarget section */
		6C519BA61E48E7F5008A1DA8 /* TetrisJson */ = {
			isa = PBXNativeTarget;
			buildConfigurationList = 6C519BB91E48E7F5008A1DA8 /* Build configuration list for PBXNativeTarget "TetrisJson" */;
			buildPhases = (
				128D2B4CC3AE9144EB99F6AA /* [CP] Check Pods Manifest.lock */,
				6C519BA31E48E7F5008A1DA8 /* Sources */,
				6C519BA41E48E7F5008A1DA8 /* Frameworks */,
				6C519BA51E48E7F5008A1DA8 /* Resources */,
				EEDB4332FF5B3161E5FD731E /* [CP] Embed Pods Frameworks */,
				B69D5172DD56DA1FB11C5F51 /* [CP] Copy Pods Resources */,
			);
			buildRules = (
			);
			dependencies = (
			);
			name = TetrisJson;
			productName = TetrisJson;
			productReference = 6C519BA71E48E7F5008A1DA8 /* TetrisJson.app */;
			productType = "com.apple.product-type.application";
		};
/* End PBXNativeTarget section */

/* Begin PBXProject section */
		6C519B9F1E48E7F5008A1DA8 /* Project object */ = {
			isa = PBXProject;
			attributes = {
				LastSwiftUpdateCheck = 0800;
				LastUpgradeCheck = 0820;
				ORGANIZATIONNAME = "Matthias Zarzecki";
				TargetAttributes = {
					6C519BA61E48E7F5008A1DA8 = {
						CreatedOnToolsVersion = 8.0;
						DevelopmentTeam = QDUTEX33CU;
						LastSwiftMigration = 0920;
						ProvisioningStyle = Automatic;
					};
				};
			};
			buildConfigurationList = 6C519BA21E48E7F5008A1DA8 /* Build configuration list for PBXProject "TetrisJson" */;
			compatibilityVersion = "Xcode 3.2";
			developmentRegion = English;
			hasScannedForEncodings = 0;
			knownRegions = (
				en,
				Base,
			);
			mainGroup = 6C519B9E1E48E7F5008A1DA8;
			productRefGroup = 6C519BA81E48E7F5008A1DA8 /* Products */;
			projectDirPath = "";
			projectRoot = "";
			targets = (
				6C519BA61E48E7F5008A1DA8 /* TetrisJson */,
			);
		};
/* End PBXProject section */

/* Begin PBXResourcesBuildPhase section */
		6C519BA51E48E7F5008A1DA8 /* Resources */ = {
			isa = PBXResourcesBuildPhase;
			buildActionMask = 2147483647;
			files = (
				CCFE6D4C200E049300F751C0 /* RepositorySearch.storyboard in Resources */,
				CCFE6D4E200E04A000F751C0 /* LaunchScreen.storyboard in Resources */,
				6C519BB21E48E7F5008A1DA8 /* Assets.xcassets in Resources */,
			);
			runOnlyForDeploymentPostprocessing = 0;
		};
/* End PBXResourcesBuildPhase section */

/* Begin PBXShellScriptBuildPhase section */
		128D2B4CC3AE9144EB99F6AA /* [CP] Check Pods Manifest.lock */ = {
			isa = PBXShellScriptBuildPhase;
			buildActionMask = 2147483647;
			files = (
			);
			inputPaths = (
				"${PODS_PODFILE_DIR_PATH}/Podfile.lock",
				"${PODS_ROOT}/Manifest.lock",
			);
			name = "[CP] Check Pods Manifest.lock";
			outputPaths = (
				"$(DERIVED_FILE_DIR)/Pods-TetrisJson-checkManifestLockResult.txt",
			);
			runOnlyForDeploymentPostprocessing = 0;
			shellPath = /bin/sh;
			shellScript = "diff \"${PODS_PODFILE_DIR_PATH}/Podfile.lock\" \"${PODS_ROOT}/Manifest.lock\" > /dev/null\nif [ $? != 0 ] ; then\n    # print error to STDERR\n    echo \"error: The sandbox is not in sync with the Podfile.lock. Run 'pod install' or update your CocoaPods installation.\" >&2\n    exit 1\nfi\n# This output is used by Xcode 'outputs' to avoid re-running this script phase.\necho \"SUCCESS\" > \"${SCRIPT_OUTPUT_FILE_0}\"\n";
			showEnvVarsInLog = 0;
		};
		B69D5172DD56DA1FB11C5F51 /* [CP] Copy Pods Resources */ = {
			isa = PBXShellScriptBuildPhase;
			buildActionMask = 2147483647;
			files = (
			);
			inputPaths = (
			);
			name = "[CP] Copy Pods Resources";
			outputPaths = (
			);
			runOnlyForDeploymentPostprocessing = 0;
			shellPath = /bin/sh;
			shellScript = "\"${SRCROOT}/Pods/Target Support Files/Pods-TetrisJson/Pods-TetrisJson-resources.sh\"\n";
			showEnvVarsInLog = 0;
		};
		EEDB4332FF5B3161E5FD731E /* [CP] Embed Pods Frameworks */ = {
			isa = PBXShellScriptBuildPhase;
			buildActionMask = 2147483647;
			files = (
			);
			inputPaths = (
				"${SRCROOT}/Pods/Target Support Files/Pods-TetrisJson/Pods-TetrisJson-frameworks.sh",
				"${BUILT_PRODUCTS_DIR}/SwiftyJSON/SwiftyJSON.framework",
			);
			name = "[CP] Embed Pods Frameworks";
			outputPaths = (
				"${TARGET_BUILD_DIR}/${FRAMEWORKS_FOLDER_PATH}/SwiftyJSON.framework",
			);
			runOnlyForDeploymentPostprocessing = 0;
			shellPath = /bin/sh;
			shellScript = "\"${SRCROOT}/Pods/Target Support Files/Pods-TetrisJson/Pods-TetrisJson-frameworks.sh\"\n";
			showEnvVarsInLog = 0;
		};
/* End PBXShellScriptBuildPhase section */

/* Begin PBXSourcesBuildPhase section */
		6C519BA31E48E7F5008A1DA8 /* Sources */ = {
			isa = PBXSourcesBuildPhase;
			buildActionMask = 2147483647;
			files = (
				6C519BBF1E48F238008A1DA8 /* RepositorySearchController.swift in Sources */,
				6C519BAB1E48E7F5008A1DA8 /* AppDelegate.swift in Sources */,
				6C519BC31E4905A8008A1DA8 /* Repository.swift in Sources */,
				39F1EFDD1E499D720062D785 /* RepositoryCell.swift in Sources */,
			);
			runOnlyForDeploymentPostprocessing = 0;
		};
/* End PBXSourcesBuildPhase section */

/* Begin XCBuildConfiguration section */
		6C519BB71E48E7F5008A1DA8 /* Debug */ = {
			isa = XCBuildConfiguration;
			buildSettings = {
				ALWAYS_SEARCH_USER_PATHS = NO;
				CLANG_ANALYZER_NONNULL = YES;
				CLANG_CXX_LANGUAGE_STANDARD = "gnu++0x";
				CLANG_CXX_LIBRARY = "libc++";
				CLANG_ENABLE_MODULES = YES;
				CLANG_ENABLE_OBJC_ARC = YES;
				CLANG_WARN_BOOL_CONVERSION = YES;
				CLANG_WARN_CONSTANT_CONVERSION = YES;
				CLANG_WARN_DIRECT_OBJC_ISA_USAGE = YES_ERROR;
				CLANG_WARN_DOCUMENTATION_COMMENTS = YES;
				CLANG_WARN_EMPTY_BODY = YES;
				CLANG_WARN_ENUM_CONVERSION = YES;
				CLANG_WARN_INFINITE_RECURSION = YES;
				CLANG_WARN_INT_CONVERSION = YES;
				CLANG_WARN_OBJC_ROOT_CLASS = YES_ERROR;
				CLANG_WARN_SUSPICIOUS_MOVE = YES;
				CLANG_WARN_SUSPICIOUS_MOVES = YES;
				CLANG_WARN_UNREACHABLE_CODE = YES;
				CLANG_WARN__DUPLICATE_METHOD_MATCH = YES;
				"CODE_SIGN_IDENTITY[sdk=iphoneos*]" = "iPhone Developer";
				COPY_PHASE_STRIP = NO;
				DEBUG_INFORMATION_FORMAT = dwarf;
				ENABLE_STRICT_OBJC_MSGSEND = YES;
				ENABLE_TESTABILITY = YES;
				GCC_C_LANGUAGE_STANDARD = gnu99;
				GCC_DYNAMIC_NO_PIC = NO;
				GCC_NO_COMMON_BLOCKS = YES;
				GCC_OPTIMIZATION_LEVEL = 0;
				GCC_PREPROCESSOR_DEFINITIONS = (
					"DEBUG=1",
					"$(inherited)",
				);
				GCC_WARN_64_TO_32_BIT_CONVERSION = YES;
				GCC_WARN_ABOUT_RETURN_TYPE = YES_ERROR;
				GCC_WARN_UNDECLARED_SELECTOR = YES;
				GCC_WARN_UNINITIALIZED_AUTOS = YES_AGGRESSIVE;
				GCC_WARN_UNUSED_FUNCTION = YES;
				GCC_WARN_UNUSED_VARIABLE = YES;
				IPHONEOS_DEPLOYMENT_TARGET = 10.0;
				MTL_ENABLE_DEBUG_INFO = YES;
				ONLY_ACTIVE_ARCH = YES;
				SDKROOT = iphoneos;
				SWIFT_ACTIVE_COMPILATION_CONDITIONS = DEBUG;
				SWIFT_OPTIMIZATION_LEVEL = "-Onone";
				TARGETED_DEVICE_FAMILY = "1,2";
			};
			name = Debug;
		};
		6C519BB81E48E7F5008A1DA8 /* Release */ = {
			isa = XCBuildConfiguration;
			buildSettings = {
				ALWAYS_SEARCH_USER_PATHS = NO;
				CLANG_ANALYZER_NONNULL = YES;
				CLANG_CXX_LANGUAGE_STANDARD = "gnu++0x";
				CLANG_CXX_LIBRARY = "libc++";
				CLANG_ENABLE_MODULES = YES;
				CLANG_ENABLE_OBJC_ARC = YES;
				CLANG_WARN_BOOL_CONVERSION = YES;
				CLANG_WARN_CONSTANT_CONVERSION = YES;
				CLANG_WARN_DIRECT_OBJC_ISA_USAGE = YES_ERROR;
				CLANG_WARN_DOCUMENTATION_COMMENTS = YES;
				CLANG_WARN_EMPTY_BODY = YES;
				CLANG_WARN_ENUM_CONVERSION = YES;
				CLANG_WARN_INFINITE_RECURSION = YES;
				CLANG_WARN_INT_CONVERSION = YES;
				CLANG_WARN_OBJC_ROOT_CLASS = YES_ERROR;
				CLANG_WARN_SUSPICIOUS_MOVE = YES;
				CLANG_WARN_SUSPICIOUS_MOVES = YES;
				CLANG_WARN_UNREACHABLE_CODE = YES;
				CLANG_WARN__DUPLICATE_METHOD_MATCH = YES;
				"CODE_SIGN_IDENTITY[sdk=iphoneos*]" = "iPhone Developer";
				COPY_PHASE_STRIP = NO;
				DEBUG_INFORMATION_FORMAT = "dwarf-with-dsym";
				ENABLE_NS_ASSERTIONS = NO;
				ENABLE_STRICT_OBJC_MSGSEND = YES;
				GCC_C_LANGUAGE_STANDARD = gnu99;
				GCC_NO_COMMON_BLOCKS = YES;
				GCC_WARN_64_TO_32_BIT_CONVERSION = YES;
				GCC_WARN_ABOUT_RETURN_TYPE = YES_ERROR;
				GCC_WARN_UNDECLARED_SELECTOR = YES;
				GCC_WARN_UNINITIALIZED_AUTOS = YES_AGGRESSIVE;
				GCC_WARN_UNUSED_FUNCTION = YES;
				GCC_WARN_UNUSED_VARIABLE = YES;
				IPHONEOS_DEPLOYMENT_TARGET = 10.0;
				MTL_ENABLE_DEBUG_INFO = NO;
				SDKROOT = iphoneos;
				SWIFT_OPTIMIZATION_LEVEL = "-Owholemodule";
				TARGETED_DEVICE_FAMILY = "1,2";
				VALIDATE_PRODUCT = YES;
			};
			name = Release;
		};
		6C519BBA1E48E7F5008A1DA8 /* Debug */ = {
			isa = XCBuildConfiguration;
			baseConfigurationReference = 8A7026BB0CDF1C615DE8F0B9 /* Pods-TetrisJson.debug.xcconfig */;
			buildSettings = {
				ASSETCATALOG_COMPILER_APPICON_NAME = AppIcon;
				DEVELOPMENT_TEAM = QDUTEX33CU;
				INFOPLIST_FILE = "$(SRCROOT)/TetrisJson/Assets/Info.plist";
				LD_RUNPATH_SEARCH_PATHS = "$(inherited) @executable_path/Frameworks";
				PRODUCT_BUNDLE_IDENTIFIER = com.matthiaszarzecki.TetrisJson;
				PRODUCT_NAME = "$(TARGET_NAME)";
				SWIFT_SWIFT3_OBJC_INFERENCE = On;
				SWIFT_VERSION = 4.0;
			};
			name = Debug;
		};
		6C519BBB1E48E7F5008A1DA8 /* Release */ = {
			isa = XCBuildConfiguration;
			baseConfigurationReference = 895CB9A2FE66A7EFE61BDCAA /* Pods-TetrisJson.release.xcconfig */;
			buildSettings = {
				ASSETCATALOG_COMPILER_APPICON_NAME = AppIcon;
				DEVELOPMENT_TEAM = QDUTEX33CU;
				INFOPLIST_FILE = "$(SRCROOT)/TetrisJson/Assets/Info.plist";
				LD_RUNPATH_SEARCH_PATHS = "$(inherited) @executable_path/Frameworks";
				PRODUCT_BUNDLE_IDENTIFIER = com.matthiaszarzecki.TetrisJson;
				PRODUCT_NAME = "$(TARGET_NAME)";
				SWIFT_SWIFT3_OBJC_INFERENCE = On;
				SWIFT_VERSION = 4.0;
			};
			name = Release;
		};
/* End XCBuildConfiguration section */

/* Begin XCConfigurationList section */
		6C519BA21E48E7F5008A1DA8 /* Build configuration list for PBXProject "TetrisJson" */ = {
			isa = XCConfigurationList;
			buildConfigurations = (
				6C519BB71E48E7F5008A1DA8 /* Debug */,
				6C519BB81E48E7F5008A1DA8 /* Release */,
			);
			defaultConfigurationIsVisible = 0;
			defaultConfigurationName = Release;
		};
		6C519BB91E48E7F5008A1DA8 /* Build configuration list for PBXNativeTarget "TetrisJson" */ = {
			isa = XCConfigurationList;
			buildConfigurations = (
				6C519BBA1E48E7F5008A1DA8 /* Debug */,
				6C519BBB1E48E7F5008A1DA8 /* Release */,
			);
			defaultConfigurationIsVisible = 0;
			defaultConfigurationName = Release;
		};
/* End XCConfigurationList section */
	};
	rootObject = 6C519B9F1E48E7F5008A1DA8 /* Project object */;
}
