// !$*UTF8*$!
{
	archiveVersion = 1;
	classes = {
	};
	objectVersion = 46;
	objects = {

/* Begin PBXBuildFile section */
		6C519BAB1E48E7F5008A1DA8 /* AppDelegate.swift in Sources */ = {isa = PBXBuildFile; fileRef = 6C519BAA1E48E7F5008A1DA8 /* AppDelegate.swift */; };
		6C519BB01E48E7F5008A1DA8 /* Main.storyboard in Resources */ = {isa = PBXBuildFile; fileRef = 6C519BAE1E48E7F5008A1DA8 /* Main.storyboard */; };
		6C519BB21E48E7F5008A1DA8 /* Assets.xcassets in Resources */ = {isa = PBXBuildFile; fileRef = 6C519BB11E48E7F5008A1DA8 /* Assets.xcassets */; };
		6C519BB51E48E7F5008A1DA8 /* LaunchScreen.storyboard in Resources */ = {isa = PBXBuildFile; fileRef = 6C519BB31E48E7F5008A1DA8 /* LaunchScreen.storyboard */; };
		6C519BBF1E48F238008A1DA8 /* TableViewController.swift in Sources */ = {isa = PBXBuildFile; fileRef = 6C519BBE1E48F238008A1DA8 /* TableViewController.swift */; };
/* End PBXBuildFile section */

/* Begin PBXFileReference section */
		6C519BA71E48E7F5008A1DA8 /* TetrisJson.app */ = {isa = PBXFileReference; explicitFileType = wrapper.application; includeInIndex = 0; path = TetrisJson.app; sourceTree = BUILT_PRODUCTS_DIR; };
		6C519BAA1E48E7F5008A1DA8 /* AppDelegate.swift */ = {isa = PBXFileReference; lastKnownFileType = sourcecode.swift; path = AppDelegate.swift; sourceTree = "<group>"; };
		6C519BAF1E48E7F5008A1DA8 /* Base */ = {isa = PBXFileReference; lastKnownFileType = file.storyboard; name = Base; path = Base.lproj/Main.storyboard; sourceTree = "<group>"; };
		6C519BB11E48E7F5008A1DA8 /* Assets.xcassets */ = {isa = PBXFileReference; lastKnownFileType = folder.assetcatalog; path = Assets.xcassets; sourceTree = "<group>"; };
		6C519BB41E48E7F5008A1DA8 /* Base */ = {isa = PBXFileReference; lastKnownFileType = file.storyboard; name = Base; path = Base.lproj/LaunchScreen.storyboard; sourceTree = "<group>"; };
		6C519BB61E48E7F5008A1DA8 /* Info.plist */ = {isa = PBXFileReference; lastKnownFileType = text.plist.xml; path = Info.plist; sourceTree = "<group>"; };
		6C519BBE1E48F238008A1DA8 /* TableViewController.swift */ = {isa = PBXFileReference; fileEncoding = 4; lastKnownFileType = sourcecode.swift; path = TableViewController.swift; sourceTree = "<group>"; };
/* End PBXFileReference section */

/* Begin PBXFrameworksBuildPhase section */
		6C519BA41E48E7F5008A1DA8 /* Frameworks */ = {
			isa = PBXFrameworksBuildPhase;
			buildActionMask = 2147483647;
			files = (
			);
			runOnlyForDeploymentPostprocessing = 0;
		};
/* End PBXFrameworksBuildPhase section */

/* Begin PBXGroup section */
		6C519B9E1E48E7F5008A1DA8 = {
			isa = PBXGroup;
			children = (
				6C519BA91E48E7F5008A1DA8 /* TetrisJson */,
				6C519BA81E48E7F5008A1DA8 /* Products */,
			);
			sourceTree = "<group>";
		};
		6C519BA81E48E7F5008A1DA8 /* Products */ = {
			isa = PBXGroup;
			children = (
				6C519BA71E48E7F5008A1DA8 /* TetrisJson.app */,
			);
			name = Products;
			sourceTree = "<group>";
		};
		6C519BA91E48E7F5008A1DA8 /* TetrisJson */ = {
			isa = PBXGroup;
			children = (
				6C519BAA1E48E7F5008A1DA8 /* AppDelegate.swift */,
				6C519BAE1E48E7F5008A1DA8 /* Main.storyboard */,
				6C519BB11E48E7F5008A1DA8 /* Assets.xcassets */,
				6C519BB31E48E7F5008A1DA8 /* LaunchScreen.storyboard */,
				6C519BB61E48E7F5008A1DA8 /* Info.plist */,
				6C519BBE1E48F238008A1DA8 /* TableViewController.swift */,
			);
			path = TetrisJson;
			sourceTree = "<group>";
		};
/* End PBXGroup section */

/* Begin PBXNativeTarget section */
		6C519BA61E48E7F5008A1DA8 /* TetrisJson */ = {
			isa = PBXNativeTarget;
			buildConfigurationList = 6C519BB91E48E7F5008A1DA8 /* Build configuration list for PBXNativeTarget "TetrisJson" */;
			buildPhases = (
				6C519BA31E48E7F5008A1DA8 /* Sources */,
				6C519BA41E48E7F5008A1DA8 /* Frameworks */,
				6C519BA51E48E7F5008A1DA8 /* Resources */,
			);
			buildRules = (
			);
			dependencies = (
			);
			name = TetrisJson;
			productName = TetrisJson;
			productReference = 6C519BA71E48E7F5008A1DA8 /* TetrisJson.app */;
			productType = "com.apple.product-type.application";
		};
/* End PBXNativeTarget section */

/* Begin PBXProject section */
		6C519B9F1E48E7F5008A1DA8 /* Project object */ = {
			isa = PBXProject;
			attributes = {
				LastSwiftUpdateCheck = 0800;
				LastUpgradeCheck = 0800;
				ORGANIZATIONNAME = "Matthias Zarzecki";
				TargetAttributes = {
					6C519BA61E48E7F5008A1DA8 = {
						CreatedOnToolsVersion = 8.0;
						ProvisioningStyle = Automatic;
					};
				};
			};
			buildConfigurationList = 6C519BA21E48E7F5008A1DA8 /* Build configuration list for PBXProject "TetrisJson" */;
			compatibilityVersion = "Xcode 3.2";
			developmentRegion = English;
			hasScannedForEncodings = 0;
			knownRegions = (
				en,
				Base,
			);
			mainGroup = 6C519B9E1E48E7F5008A1DA8;
			productRefGroup = 6C519BA81E48E7F5008A1DA8 /* Products */;
			projectDirPath = "";
			projectRoot = "";
			targets = (
				6C519BA61E48E7F5008A1DA8 /* TetrisJson */,
			);
		};
/* End PBXProject section */

/* Begin PBXResourcesBuildPhase section */
		6C519BA51E48E7F5008A1DA8 /* Resources */ = {
			isa = PBXResourcesBuildPhase;
			buildActionMask = 2147483647;
			files = (
				6C519BB51E48E7F5008A1DA8 /* LaunchScreen.storyboard in Resources */,
				6C519BB21E48E7F5008A1DA8 /* Assets.xcassets in Resources */,
				6C519BB01E48E7F5008A1DA8 /* Main.storyboard in Resources */,
			);
			runOnlyForDeploymentPostprocessing = 0;
		};
/* End PBXResourcesBuildPhase section */

/* Begin PBXSourcesBuildPhase section */
		6C519BA31E48E7F5008A1DA8 /* Sources */ = {
			isa = PBXSourcesBuildPhase;
			buildActionMask = 2147483647;
			files = (
				6C519BBF1E48F238008A1DA8 /* TableViewController.swift in Sources */,
				6C519BAB1E48E7F5008A1DA8 /* AppDelegate.swift in Sources */,
			);
			runOnlyForDeploymentPostprocessing = 0;
		};
/* End PBXSourcesBuildPhase section */

/* Begin PBXVariantGroup section */
		6C519BAE1E48E7F5008A1DA8 /* Main.storyboard */ = {
			isa = PBXVariantGroup;
			children = (
				6C519BAF1E48E7F5008A1DA8 /* Base */,
			);
			name = Main.storyboard;
			sourceTree = "<group>";
		};
		6C519BB31E48E7F5008A1DA8 /* LaunchScreen.storyboard */ = {
			isa = PBXVariantGroup;
			children = (
				6C519BB41E48E7F5008A1DA8 /* Base */,
			);
			name = LaunchScreen.storyboard;
			sourceTree = "<group>";
		};
/* End PBXVariantGroup section */

/* Begin XCBuildConfiguration section */
		6C519BB71E48E7F5008A1DA8 /* Debug */ = {
			isa = XCBuildConfiguration;
			buildSettings = {
				ALWAYS_SEARCH_USER_PATHS = NO;
				CLANG_ANALYZER_NONNULL = YES;
				CLANG_CXX_LANGUAGE_STANDARD = "gnu++0x";
				CLANG_CXX_LIBRARY = "libc++";
				CLANG_ENABLE_MODULES = YES;
				CLANG_ENABLE_OBJC_ARC = YES;
				CLANG_WARN_BOOL_CONVERSION = YES;
				CLANG_WARN_CONSTANT_CONVERSION = YES;
				CLANG_WARN_DIRECT_OBJC_ISA_USAGE = YES_ERROR;
				CLANG_WARN_DOCUMENTATION_COMMENTS = YES;
				CLANG_WARN_EMPTY_BODY = YES;
				CLANG_WARN_ENUM_CONVERSION = YES;
				CLANG_WARN_INFINITE_RECURSION = YES;
				CLANG_WARN_INT_CONVERSION = YES;
				CLANG_WARN_OBJC_ROOT_CLASS = YES_ERROR;
				CLANG_WARN_SUSPICIOUS_MOVES = YES;
				CLANG_WARN_UNREACHABLE_CODE = YES;
				CLANG_WARN__DUPLICATE_METHOD_MATCH = YES;
				"CODE_SIGN_IDENTITY[sdk=iphoneos*]" = "iPhone Developer";
				COPY_PHASE_STRIP = NO;
				DEBUG_INFORMATION_FORMAT = dwarf;
				ENABLE_STRICT_OBJC_MSGSEND = YES;
				ENABLE_TESTABILITY = YES;
				GCC_C_LANGUAGE_STANDARD = gnu99;
				GCC_DYNAMIC_NO_PIC = NO;
				GCC_NO_COMMON_BLOCKS = YES;
				GCC_OPTIMIZATION_LEVEL = 0;
				GCC_PREPROCESSOR_DEFINITIONS = (
					"DEBUG=1",
					"$(inherited)",
				);
				GCC_WARN_64_TO_32_BIT_CONVERSION = YES;
				GCC_WARN_ABOUT_RETURN_TYPE = YES_ERROR;
				GCC_WARN_UNDECLARED_SELECTOR = YES;
				GCC_WARN_UNINITIALIZED_AUTOS = YES_AGGRESSIVE;
				GCC_WARN_UNUSED_FUNCTION = YES;
				GCC_WARN_UNUSED_VARIABLE = YES;
				IPHONEOS_DEPLOYMENT_TARGET = 10.0;
				MTL_ENABLE_DEBUG_INFO = YES;
				ONLY_ACTIVE_ARCH = YES;
				SDKROOT = iphoneos;
				SWIFT_ACTIVE_COMPILATION_CONDITIONS = DEBUG;
				SWIFT_OPTIMIZATION_LEVEL = "-Onone";
				TARGETED_DEVICE_FAMILY = "1,2";
			};
			name = Debug;
		};
		6C519BB81E48E7F5008A1DA8 /* Release */ = {
			isa = XCBuildConfiguration;
			buildSettings = {
				ALWAYS_SEARCH_USER_PATHS = NO;
				CLANG_ANALYZER_NONNULL = YES;
				CLANG_CXX_LANGUAGE_STANDARD = "gnu++0x";
				CLANG_CXX_LIBRARY = "libc++";
				CLANG_ENABLE_MODULES = YES;
				CLANG_ENABLE_OBJC_ARC = YES;
				CLANG_WARN_BOOL_CONVERSION = YES;
				CLANG_WARN_CONSTANT_CONVERSION = YES;
				CLANG_WARN_DIRECT_OBJC_ISA_USAGE = YES_ERROR;
				CLANG_WARN_DOCUMENTATION_COMMENTS = YES;
				CLANG_WARN_EMPTY_BODY = YES;
				CLANG_WARN_ENUM_CONVERSION = YES;
				CLANG_WARN_INFINITE_RECURSION = YES;
				CLANG_WARN_INT_CONVERSION = YES;
				CLANG_WARN_OBJC_ROOT_CLASS = YES_ERROR;
				CLANG_WARN_SUSPICIOUS_MOVES = YES;
				CLANG_WARN_UNREACHABLE_CODE = YES;
				CLANG_WARN__DUPLICATE_METHOD_MATCH = YES;
				"CODE_SIGN_IDENTITY[sdk=iphoneos*]" = "iPhone Developer";
				COPY_PHASE_STRIP = NO;
				DEBUG_INFORMATION_FORMAT = "dwarf-with-dsym";
				ENABLE_NS_ASSERTIONS = NO;
				ENABLE_STRICT_OBJC_MSGSEND = YES;
				GCC_C_LANGUAGE_STANDARD = gnu99;
				GCC_NO_COMMON_BLOCKS = YES;
				GCC_WARN_64_TO_32_BIT_CONVERSION = YES;
				GCC_WARN_ABOUT_RETURN_TYPE = YES_ERROR;
				GCC_WARN_UNDECLARED_SELECTOR = YES;
				GCC_WARN_UNINITIALIZED_AUTOS = YES_AGGRESSIVE;
				GCC_WARN_UNUSED_FUNCTION = YES;
				GCC_WARN_UNUSED_VARIABLE = YES;
				IPHONEOS_DEPLOYMENT_TARGET = 10.0;
				MTL_ENABLE_DEBUG_INFO = NO;
				SDKROOT = iphoneos;
				SWIFT_OPTIMIZATION_LEVEL = "-Owholemodule";
				TARGETED_DEVICE_FAMILY = "1,2";
				VALIDATE_PRODUCT = YES;
			};
			name = Release;
		};
		6C519BBA1E48E7F5008A1DA8 /* Debug */ = {
			isa = XCBuildConfiguration;
			buildSettings = {
				ASSETCATALOG_COMPILER_APPICON_NAME = AppIcon;
				INFOPLIST_FILE = TetrisJson/Info.plist;
				LD_RUNPATH_SEARCH_PATHS = "$(inherited) @executable_path/Frameworks";
				PRODUCT_BUNDLE_IDENTIFIER = com.matthiaszarzecki.TetrisJson;
				PRODUCT_NAME = "$(TARGET_NAME)";
				SWIFT_VERSION = 3.0;
			};
			name = Debug;
		};
		6C519BBB1E48E7F5008A1DA8 /* Release */ = {
			isa = XCBuildConfiguration;
			buildSettings = {
				ASSETCATALOG_COMPILER_APPICON_NAME = AppIcon;
				INFOPLIST_FILE = TetrisJson/Info.plist;
				LD_RUNPATH_SEARCH_PATHS = "$(inherited) @executable_path/Frameworks";
				PRODUCT_BUNDLE_IDENTIFIER = com.matthiaszarzecki.TetrisJson;
				PRODUCT_NAME = "$(TARGET_NAME)";
				SWIFT_VERSION = 3.0;
			};
			name = Release;
		};
/* End XCBuildConfiguration section */

/* Begin XCConfigurationList section */
		6C519BA21E48E7F5008A1DA8 /* Build configuration list for PBXProject "TetrisJson" */ = {
			isa = XCConfigurationList;
			buildConfigurations = (
				6C519BB71E48E7F5008A1DA8 /* Debug */,
				6C519BB81E48E7F5008A1DA8 /* Release */,
			);
			defaultConfigurationIsVisible = 0;
			defaultConfigurationName = Release;
		};
		6C519BB91E48E7F5008A1DA8 /* Build configuration list for PBXNativeTarget "TetrisJson" */ = {
			isa = XCConfigurationList;
			buildConfigurations = (
				6C519BBA1E48E7F5008A1DA8 /* Debug */,
				6C519BBB1E48E7F5008A1DA8 /* Release */,
			);
			defaultConfigurationIsVisible = 0;
		};
/* End XCConfigurationList section */
	};
	rootObject = 6C519B9F1E48E7F5008A1DA8 /* Project object */;
}
